
Microsoft Visual Studio Solution File, Format Version 12.00
# Visual Studio Version 17
VisualStudioVersion = 17.0.31903.59
MinimumVisualStudioVersion = 10.0.40219.1
Project("{2150E333-8FDC-42A3-9474-1A3956D46DE8}") = "libs", "libs", "{063DCFED-F07B-49F4-A72C-C5A825656A7A}"
EndProject
Project("{FAE04EC0-301F-11D3-BF4B-00C04F79EFBC}") = "DotnetPrelude.SqlSugarPgvector", "libs\sql-sugar-pgvector\DotnetPrelude.SqlSugarPgvector.csproj", "{D2D1447D-0A68-40BC-8452-8E78EF677A19}"
EndProject
Project("{FAE04EC0-301F-11D3-BF4B-00C04F79EFBC}") = "DotnetPrelude.SqlSugarPgvector.Test", "libs\sql-sugar-pgvector.test\DotnetPrelude.SqlSugarPgvector.Test.csproj", "{FE28FB32-EC59-430F-8BAA-07ED7474B561}"
EndProject
Project("{FAE04EC0-301F-11D3-BF4B-00C04F79EFBC}") = "BlazorWire", "libs\blazor-wire\BlazorWire.csproj", "{8C9C47F5-491A-4873-A6E2-9269BDF7C056}"
EndProject
Project("{FAE04EC0-301F-11D3-BF4B-00C04F79EFBC}") = "BlazorWire.Test", "libs\blazor-wire-test\BlazorWire.Test.csproj", "{4C239E3F-94DF-4767-97CF-99ACE3741BC8}"
EndProject
Project("{FAE04EC0-301F-11D3-BF4B-00C04F79EFBC}") = "BlazorWire.Server", "libs\blazor-wire-server\BlazorWire.Server.csproj", "{FF62FDBF-1628-4E52-9455-F76F3B315E90}"
EndProject
Project("{FAE04EC0-301F-11D3-BF4B-00C04F79EFBC}") = "BlazorWire.Server.Test", "libs\blazor-wire-server-test\BlazorWire.Server.Test.csproj", "{FD4C88EE-09A8-4987-BB48-371A173FC72F}"
EndProject
Global
	GlobalSection(SolutionConfigurationPlatforms) = preSolution
		Debug|Any CPU = Debug|Any CPU
		Release|Any CPU = Release|Any CPU
	EndGlobalSection
	GlobalSection(SolutionProperties) = preSolution
		HideSolutionNode = FALSE
	EndGlobalSection
	GlobalSection(ProjectConfigurationPlatforms) = postSolution
		{D2D1447D-0A68-40BC-8452-8E78EF677A19}.Debug|Any CPU.ActiveCfg = Debug|Any CPU
		{D2D1447D-0A68-40BC-8452-8E78EF677A19}.Debug|Any CPU.Build.0 = Debug|Any CPU
		{D2D1447D-0A68-40BC-8452-8E78EF677A19}.Release|Any CPU.ActiveCfg = Release|Any CPU
		{D2D1447D-0A68-40BC-8452-8E78EF677A19}.Release|Any CPU.Build.0 = Release|Any CPU
		{FE28FB32-EC59-430F-8BAA-07ED7474B561}.Debug|Any CPU.ActiveCfg = Debug|Any CPU
		{FE28FB32-EC59-430F-8BAA-07ED7474B561}.Debug|Any CPU.Build.0 = Debug|Any CPU
		{FE28FB32-EC59-430F-8BAA-07ED7474B561}.Release|Any CPU.ActiveCfg = Release|Any CPU
		{FE28FB32-EC59-430F-8BAA-07ED7474B561}.Release|Any CPU.Build.0 = Release|Any CPU
		{8C9C47F5-491A-4873-A6E2-9269BDF7C056}.Debug|Any CPU.ActiveCfg = Debug|Any CPU
		{8C9C47F5-491A-4873-A6E2-9269BDF7C056}.Debug|Any CPU.Build.0 = Debug|Any CPU
		{8C9C47F5-491A-4873-A6E2-9269BDF7C056}.Release|Any CPU.ActiveCfg = Release|Any CPU
		{8C9C47F5-491A-4873-A6E2-9269BDF7C056}.Release|Any CPU.Build.0 = Release|Any CPU
		{4C239E3F-94DF-4767-97CF-99ACE3741BC8}.Debug|Any CPU.ActiveCfg = Debug|Any CPU
		{4C239E3F-94DF-4767-97CF-99ACE3741BC8}.Debug|Any CPU.Build.0 = Debug|Any CPU
		{4C239E3F-94DF-4767-97CF-99ACE3741BC8}.Release|Any CPU.ActiveCfg = Release|Any CPU
		{4C239E3F-94DF-4767-97CF-99ACE3741BC8}.Release|Any CPU.Build.0 = Release|Any CPU
		{FF62FDBF-1628-4E52-9455-F76F3B315E90}.Debug|Any CPU.ActiveCfg = Debug|Any CPU
		{FF62FDBF-1628-4E52-9455-F76F3B315E90}.Debug|Any CPU.Build.0 = Debug|Any CPU
		{FF62FDBF-1628-4E52-9455-F76F3B315E90}.Release|Any CPU.ActiveCfg = Release|Any CPU
		{FF62FDBF-1628-4E52-9455-F76F3B315E90}.Release|Any CPU.Build.0 = Release|Any CPU
		{FD4C88EE-09A8-4987-BB48-371A173FC72F}.Debug|Any CPU.ActiveCfg = Debug|Any CPU
		{FD4C88EE-09A8-4987-BB48-371A173FC72F}.Debug|Any CPU.Build.0 = Debug|Any CPU
		{FD4C88EE-09A8-4987-BB48-371A173FC72F}.Release|Any CPU.ActiveCfg = Release|Any CPU
		{FD4C88EE-09A8-4987-BB48-371A173FC72F}.Release|Any CPU.Build.0 = Release|Any CPU
	EndGlobalSection
	GlobalSection(NestedProjects) = preSolution
		{D2D1447D-0A68-40BC-8452-8E78EF677A19} = {063DCFED-F07B-49F4-A72C-C5A825656A7A}
		{FE28FB32-EC59-430F-8BAA-07ED7474B561} = {063DCFED-F07B-49F4-A72C-C5A825656A7A}
		{8C9C47F5-491A-4873-A6E2-9269BDF7C056} = {063DCFED-F07B-49F4-A72C-C5A825656A7A}
		{4C239E3F-94DF-4767-97CF-99ACE3741BC8} = {063DCFED-F07B-49F4-A72C-C5A825656A7A}
		{FF62FDBF-1628-4E52-9455-F76F3B315E90} = {063DCFED-F07B-49F4-A72C-C5A825656A7A}
		{FD4C88EE-09A8-4987-BB48-371A173FC72F} = {063DCFED-F07B-49F4-A72C-C5A825656A7A}
	EndGlobalSection
EndGlobal
